
Microsoft Visual Studio Solution File, Format Version 12.00
# Visual Studio Version 16
VisualStudioVersion = 16.0.32413.511
MinimumVisualStudioVersion = 10.0.40219.1
Project("{FAE04EC0-301F-11D3-BF4B-00C04F79EFBC}") = "Jegyrendelés", "Jegyrendelés\Jegyrendelés.csproj", "{8F73B134-7ADB-445C-A071-122084D0C101}"
EndProject
Global
	GlobalSection(SolutionConfigurationPlatforms) = preSolution
		Debug|Any CPU = Debug|Any CPU
		Release|Any CPU = Release|Any CPU
	EndGlobalSection
	GlobalSection(ProjectConfigurationPlatforms) = postSolution
		{8F73B134-7ADB-445C-A071-122084D0C101}.Debug|Any CPU.ActiveCfg = Debug|Any CPU
		{8F73B134-7ADB-445C-A071-122084D0C101}.Debug|Any CPU.Build.0 = Debug|Any CPU
		{8F73B134-7ADB-445C-A071-122084D0C101}.Release|Any CPU.ActiveCfg = Release|Any CPU
		{8F73B134-7ADB-445C-A071-122084D0C101}.Release|Any CPU.Build.0 = Release|Any CPU
	EndGlobalSection
	GlobalSection(SolutionProperties) = preSolution
		HideSolutionNode = FALSE
	EndGlobalSection
	GlobalSection(ExtensibilityGlobals) = postSolution
		SolutionGuid = {378F9F98-CF48-4295-B50B-BF0B5A17E57B}
	EndGlobalSection
EndGlobal
